
Microsoft Visual Studio Solution File, Format Version 12.00
# Visual Studio Version 16
VisualStudioVersion = 16.0.29102.190
MinimumVisualStudioVersion = 10.0.40219.1
Project("{FAE04EC0-301F-11D3-BF4B-00C04F79EFBC}") = "VaccinationAPIs", "VaccinationAPIs\VaccinationAPIs.csproj", "{6F0C7A8F-76D2-418F-A27A-0FC84CA545CD}"
EndProject
Global
	GlobalSection(SolutionConfigurationPlatforms) = preSolution
		Debug|Any CPU = Debug|Any CPU
		Release|Any CPU = Release|Any CPU
	EndGlobalSection
	GlobalSection(ProjectConfigurationPlatforms) = postSolution
		{6F0C7A8F-76D2-418F-A27A-0FC84CA545CD}.Debug|Any CPU.ActiveCfg = Debug|Any CPU
		{6F0C7A8F-76D2-418F-A27A-0FC84CA545CD}.Debug|Any CPU.Build.0 = Debug|Any CPU
		{6F0C7A8F-76D2-418F-A27A-0FC84CA545CD}.Release|Any CPU.ActiveCfg = Release|Any CPU
		{6F0C7A8F-76D2-418F-A27A-0FC84CA545CD}.Release|Any CPU.Build.0 = Release|Any CPU
	EndGlobalSection
	GlobalSection(SolutionProperties) = preSolution
		HideSolutionNode = FALSE
	EndGlobalSection
	GlobalSection(ExtensibilityGlobals) = postSolution
		SolutionGuid = {AE704F18-8AC1-4C69-ADF7-FA1CE76846A0}
	EndGlobalSection
EndGlobal
